
Microsoft Visual Studio Solution File, Format Version 12.00
# Visual Studio Version 17
VisualStudioVersion = 17.6.33712.159
MinimumVisualStudioVersion = 10.0.40219.1
Project("{9A19103F-16F7-4668-BE54-9A1E7A4F7556}") = "ExtraLoadouts", "ExtraLoadouts.csproj", "{D4A853F9-6144-45A1-B307-EFF7DB00F893}"
EndProject
Global
	GlobalSection(SolutionConfigurationPlatforms) = preSolution
		Debug|Any CPU = Debug|Any CPU
		Release|Any CPU = Release|Any CPU
	EndGlobalSection
	GlobalSection(ProjectConfigurationPlatforms) = postSolution
		{D4A853F9-6144-45A1-B307-EFF7DB00F893}.Debug|Any CPU.ActiveCfg = Debug|Any CPU
		{D4A853F9-6144-45A1-B307-EFF7DB00F893}.Debug|Any CPU.Build.0 = Debug|Any CPU
		{D4A853F9-6144-45A1-B307-EFF7DB00F893}.Release|Any CPU.ActiveCfg = Release|Any CPU
		{D4A853F9-6144-45A1-B307-EFF7DB00F893}.Release|Any CPU.Build.0 = Release|Any CPU
	EndGlobalSection
	GlobalSection(SolutionProperties) = preSolution
		HideSolutionNode = FALSE
	EndGlobalSection
	GlobalSection(ExtensibilityGlobals) = postSolution
		SolutionGuid = {7BE7079B-6D9F-40A7-AEBF-6DAB416F71D0}
	EndGlobalSection
EndGlobal
